{
  "name": "pdf anotation 2",
  "lockfileVersion": 3,
  "requires": true,
  "packages": {
    "": {
      "dependencies": {
        "pspdfkit": "^2023.5.4"
      }
    },
    "node_modules/pspdfkit": {
      "version": "2023.5.4",
      "resolved": "https://registry.npmjs.org/pspdfkit/-/pspdfkit-2023.5.4.tgz",
      "integrity": "sha512-HxVcsP3RxdxtOIVc28A6uNumT19dowNYNE20rfe9aVOjGQXKpRKdGkkXav9mDK7hVn1oen75pOpCtyZOAVnjnw=="
    }
  }
}
